// !$*UTF8*$!
{
	archiveVersion = 1;
	classes = {
	};
	objectVersion = 56;
	objects = {

/* Begin PBXBuildFile section */
		176E54762A340B3600E70EB7 /* AppDelegate.swift in Sources */ = {isa = PBXBuildFile; fileRef = 176E54752A340B3600E70EB7 /* AppDelegate.swift */; };
		176E54782A340B3600E70EB7 /* SceneDelegate.swift in Sources */ = {isa = PBXBuildFile; fileRef = 176E54772A340B3600E70EB7 /* SceneDelegate.swift */; };
		176E547A2A340B3600E70EB7 /* MainScreen.swift in Sources */ = {isa = PBXBuildFile; fileRef = 176E54792A340B3600E70EB7 /* MainScreen.swift */; };
		176E547D2A340B3600E70EB7 /* Main.storyboard in Resources */ = {isa = PBXBuildFile; fileRef = 176E547B2A340B3600E70EB7 /* Main.storyboard */; };
		176E547F2A340B3700E70EB7 /* Assets.xcassets in Resources */ = {isa = PBXBuildFile; fileRef = 176E547E2A340B3700E70EB7 /* Assets.xcassets */; };
		176E54822A340B3700E70EB7 /* LaunchScreen.storyboard in Resources */ = {isa = PBXBuildFile; fileRef = 176E54802A340B3700E70EB7 /* LaunchScreen.storyboard */; };
		176E548E2A34109700E70EB7 /* Constants.swift in Sources */ = {isa = PBXBuildFile; fileRef = 176E548D2A34109700E70EB7 /* Constants.swift */; };
		176E54962A34845500E70EB7 /* CustomizableSearchBar.swift in Sources */ = {isa = PBXBuildFile; fileRef = 176E54952A34845500E70EB7 /* CustomizableSearchBar.swift */; };
		17A775572A34CFCF0055A30A /* TabBarContainerViewController.swift in Sources */ = {isa = PBXBuildFile; fileRef = 17A775562A34CFCF0055A30A /* TabBarContainerViewController.swift */; };
		17A775592A36B46E0055A30A /* UIViewExtension.swift in Sources */ = {isa = PBXBuildFile; fileRef = 17A775582A36B46E0055A30A /* UIViewExtension.swift */; };
		17A7755D2A3712D10055A30A /* ArrayExtension.swift in Sources */ = {isa = PBXBuildFile; fileRef = 17A7755C2A3712D10055A30A /* ArrayExtension.swift */; };
		17A775652A3715F60055A30A /* Localizable.strings in Resources */ = {isa = PBXBuildFile; fileRef = 17A775672A3715F60055A30A /* Localizable.strings */; };
		17A7756A2A3716220055A30A /* StringExtensions.swift in Sources */ = {isa = PBXBuildFile; fileRef = 17A775692A3716220055A30A /* StringExtensions.swift */; };
		17A7756C2A3722890055A30A /* TabBarCell.swift in Sources */ = {isa = PBXBuildFile; fileRef = 17A7756B2A3722890055A30A /* TabBarCell.swift */; };
		17A7756F2A3723150055A30A /* ChannelsListVC.swift in Sources */ = {isa = PBXBuildFile; fileRef = 17A7756E2A3723150055A30A /* ChannelsListVC.swift */; };
		17A775762A38112E0055A30A /* Fonts.swift in Sources */ = {isa = PBXBuildFile; fileRef = 17A775752A38112E0055A30A /* Fonts.swift */; };
		17A7757C2A38126B0055A30A /* Roboto-Bold.ttf in Resources */ = {isa = PBXBuildFile; fileRef = 17A775772A38126B0055A30A /* Roboto-Bold.ttf */; };
		17A7757D2A38126B0055A30A /* Roboto-Medium.ttf in Resources */ = {isa = PBXBuildFile; fileRef = 17A775782A38126B0055A30A /* Roboto-Medium.ttf */; };
		17A7757E2A38126B0055A30A /* Roboto-Regular.ttf in Resources */ = {isa = PBXBuildFile; fileRef = 17A775792A38126B0055A30A /* Roboto-Regular.ttf */; };
		17A7757F2A38126B0055A30A /* Roboto-Black.ttf in Resources */ = {isa = PBXBuildFile; fileRef = 17A7757A2A38126B0055A30A /* Roboto-Black.ttf */; };
		17A775802A38126B0055A30A /* Roboto-Light.ttf in Resources */ = {isa = PBXBuildFile; fileRef = 17A7757B2A38126B0055A30A /* Roboto-Light.ttf */; };
		17A775832A381E4E0055A30A /* Channel.swift in Sources */ = {isa = PBXBuildFile; fileRef = 17A775822A381E4D0055A30A /* Channel.swift */; };
		17A775862A38276A0055A30A /* UITableViewCellExtension.swift in Sources */ = {isa = PBXBuildFile; fileRef = 17A775852A38276A0055A30A /* UITableViewCellExtension.swift */; };
		17A7758A2A3827B00055A30A /* UICollectionViewCellExtension.swift in Sources */ = {isa = PBXBuildFile; fileRef = 17A775892A3827B00055A30A /* UICollectionViewCellExtension.swift */; };
		17AAF9402A387E5000D4EF53 /* ChannelTableViewCell.swift in Sources */ = {isa = PBXBuildFile; fileRef = 17AAF93E2A387E5000D4EF53 /* ChannelTableViewCell.swift */; };
		17AAF9412A387E5000D4EF53 /* ChannelTableViewCell.xib in Resources */ = {isa = PBXBuildFile; fileRef = 17AAF93F2A387E5000D4EF53 /* ChannelTableViewCell.xib */; };
/* End PBXBuildFile section */

/* Begin PBXFileReference section */
		176E54722A340B3600E70EB7 /* TVChannelsPlayer.app */ = {isa = PBXFileReference; explicitFileType = wrapper.application; includeInIndex = 0; path = TVChannelsPlayer.app; sourceTree = BUILT_PRODUCTS_DIR; };
		176E54752A340B3600E70EB7 /* AppDelegate.swift */ = {isa = PBXFileReference; lastKnownFileType = sourcecode.swift; path = AppDelegate.swift; sourceTree = "<group>"; };
		176E54772A340B3600E70EB7 /* SceneDelegate.swift */ = {isa = PBXFileReference; lastKnownFileType = sourcecode.swift; path = SceneDelegate.swift; sourceTree = "<group>"; };
		176E54792A340B3600E70EB7 /* MainScreen.swift */ = {isa = PBXFileReference; lastKnownFileType = sourcecode.swift; path = MainScreen.swift; sourceTree = "<group>"; };
		176E547C2A340B3600E70EB7 /* Base */ = {isa = PBXFileReference; lastKnownFileType = file.storyboard; name = Base; path = Base.lproj/Main.storyboard; sourceTree = "<group>"; };
		176E547E2A340B3700E70EB7 /* Assets.xcassets */ = {isa = PBXFileReference; lastKnownFileType = folder.assetcatalog; path = Assets.xcassets; sourceTree = "<group>"; };
		176E54812A340B3700E70EB7 /* Base */ = {isa = PBXFileReference; lastKnownFileType = file.storyboard; name = Base; path = Base.lproj/LaunchScreen.storyboard; sourceTree = "<group>"; };
		176E54832A340B3700E70EB7 /* Info.plist */ = {isa = PBXFileReference; lastKnownFileType = text.plist.xml; path = Info.plist; sourceTree = "<group>"; };
		176E548D2A34109700E70EB7 /* Constants.swift */ = {isa = PBXFileReference; lastKnownFileType = sourcecode.swift; path = Constants.swift; sourceTree = "<group>"; };
		176E54952A34845500E70EB7 /* CustomizableSearchBar.swift */ = {isa = PBXFileReference; lastKnownFileType = sourcecode.swift; path = CustomizableSearchBar.swift; sourceTree = "<group>"; };
		17A775562A34CFCF0055A30A /* TabBarContainerViewController.swift */ = {isa = PBXFileReference; lastKnownFileType = sourcecode.swift; path = TabBarContainerViewController.swift; sourceTree = "<group>"; };
		17A775582A36B46E0055A30A /* UIViewExtension.swift */ = {isa = PBXFileReference; lastKnownFileType = sourcecode.swift; path = UIViewExtension.swift; sourceTree = "<group>"; };
		17A7755C2A3712D10055A30A /* ArrayExtension.swift */ = {isa = PBXFileReference; lastKnownFileType = sourcecode.swift; path = ArrayExtension.swift; sourceTree = "<group>"; };
		17A775662A3715F60055A30A /* en */ = {isa = PBXFileReference; lastKnownFileType = text.plist.strings; name = en; path = en.lproj/Localizable.strings; sourceTree = "<group>"; };
		17A775682A3716090055A30A /* ru */ = {isa = PBXFileReference; lastKnownFileType = text.plist.strings; name = ru; path = ru.lproj/Localizable.strings; sourceTree = "<group>"; };
		17A775692A3716220055A30A /* StringExtensions.swift */ = {isa = PBXFileReference; lastKnownFileType = sourcecode.swift; path = StringExtensions.swift; sourceTree = "<group>"; };
		17A7756B2A3722890055A30A /* TabBarCell.swift */ = {isa = PBXFileReference; lastKnownFileType = sourcecode.swift; path = TabBarCell.swift; sourceTree = "<group>"; };
		17A7756E2A3723150055A30A /* ChannelsListVC.swift */ = {isa = PBXFileReference; lastKnownFileType = sourcecode.swift; path = ChannelsListVC.swift; sourceTree = "<group>"; };
		17A775752A38112E0055A30A /* Fonts.swift */ = {isa = PBXFileReference; lastKnownFileType = sourcecode.swift; path = Fonts.swift; sourceTree = "<group>"; };
		17A775772A38126B0055A30A /* Roboto-Bold.ttf */ = {isa = PBXFileReference; lastKnownFileType = file; path = "Roboto-Bold.ttf"; sourceTree = "<group>"; };
		17A775782A38126B0055A30A /* Roboto-Medium.ttf */ = {isa = PBXFileReference; lastKnownFileType = file; path = "Roboto-Medium.ttf"; sourceTree = "<group>"; };
		17A775792A38126B0055A30A /* Roboto-Regular.ttf */ = {isa = PBXFileReference; lastKnownFileType = file; path = "Roboto-Regular.ttf"; sourceTree = "<group>"; };
		17A7757A2A38126B0055A30A /* Roboto-Black.ttf */ = {isa = PBXFileReference; lastKnownFileType = file; path = "Roboto-Black.ttf"; sourceTree = "<group>"; };
		17A7757B2A38126B0055A30A /* Roboto-Light.ttf */ = {isa = PBXFileReference; lastKnownFileType = file; path = "Roboto-Light.ttf"; sourceTree = "<group>"; };
		17A775822A381E4D0055A30A /* Channel.swift */ = {isa = PBXFileReference; lastKnownFileType = sourcecode.swift; path = Channel.swift; sourceTree = "<group>"; };
		17A775852A38276A0055A30A /* UITableViewCellExtension.swift */ = {isa = PBXFileReference; lastKnownFileType = sourcecode.swift; path = UITableViewCellExtension.swift; sourceTree = "<group>"; };
		17A775892A3827B00055A30A /* UICollectionViewCellExtension.swift */ = {isa = PBXFileReference; lastKnownFileType = sourcecode.swift; path = UICollectionViewCellExtension.swift; sourceTree = "<group>"; };
		17AAF93E2A387E5000D4EF53 /* ChannelTableViewCell.swift */ = {isa = PBXFileReference; lastKnownFileType = sourcecode.swift; path = ChannelTableViewCell.swift; sourceTree = "<group>"; };
		17AAF93F2A387E5000D4EF53 /* ChannelTableViewCell.xib */ = {isa = PBXFileReference; lastKnownFileType = file.xib; path = ChannelTableViewCell.xib; sourceTree = "<group>"; };
/* End PBXFileReference section */

/* Begin PBXFrameworksBuildPhase section */
		176E546F2A340B3600E70EB7 /* Frameworks */ = {
			isa = PBXFrameworksBuildPhase;
			buildActionMask = 2147483647;
			files = (
			);
			runOnlyForDeploymentPostprocessing = 0;
		};
/* End PBXFrameworksBuildPhase section */

/* Begin PBXGroup section */
		176E54692A340B3600E70EB7 = {
			isa = PBXGroup;
			children = (
				176E54742A340B3600E70EB7 /* TVChannelsPlayer */,
				176E54732A340B3600E70EB7 /* Products */,
			);
			sourceTree = "<group>";
		};
		176E54732A340B3600E70EB7 /* Products */ = {
			isa = PBXGroup;
			children = (
				176E54722A340B3600E70EB7 /* TVChannelsPlayer.app */,
			);
			name = Products;
			sourceTree = "<group>";
		};
		176E54742A340B3600E70EB7 /* TVChannelsPlayer */ = {
			isa = PBXGroup;
			children = (
				176E54752A340B3600E70EB7 /* AppDelegate.swift */,
				176E54772A340B3600E70EB7 /* SceneDelegate.swift */,
				176E548D2A34109700E70EB7 /* Constants.swift */,
				176E548A2A340CE900E70EB7 /* Scenes */,
				176E548B2A34107A00E70EB7 /* Extensions */,
				176E54942A34843D00E70EB7 /* VIews */,
				17A775602A3715880055A30A /* Resources */,
				176E547B2A340B3600E70EB7 /* Main.storyboard */,
				176E547E2A340B3700E70EB7 /* Assets.xcassets */,
				176E54802A340B3700E70EB7 /* LaunchScreen.storyboard */,
				176E54832A340B3700E70EB7 /* Info.plist */,
			);
			path = TVChannelsPlayer;
			sourceTree = "<group>";
		};
		176E54892A340CD300E70EB7 /* MainScreen */ = {
			isa = PBXGroup;
			children = (
				17A775702A380E580055A30A /* TopTabBar */,
				176E54792A340B3600E70EB7 /* MainScreen.swift */,
			);
			path = MainScreen;
			sourceTree = "<group>";
		};
		176E548A2A340CE900E70EB7 /* Scenes */ = {
			isa = PBXGroup;
			children = (
				176E54892A340CD300E70EB7 /* MainScreen */,
				17A7756D2A3722F60055A30A /* ChannelsListVC */,
			);
			path = Scenes;
			sourceTree = "<group>";
		};
		176E548B2A34107A00E70EB7 /* Extensions */ = {
			isa = PBXGroup;
			children = (
				17A775582A36B46E0055A30A /* UIViewExtension.swift */,
				17A7755C2A3712D10055A30A /* ArrayExtension.swift */,
				17A775692A3716220055A30A /* StringExtensions.swift */,
				17A775852A38276A0055A30A /* UITableViewCellExtension.swift */,
				17A775892A3827B00055A30A /* UICollectionViewCellExtension.swift */,
			);
			path = Extensions;
			sourceTree = "<group>";
		};
		176E548F2A34142000E70EB7 /* TabBarCell */ = {
			isa = PBXGroup;
			children = (
				17A7756B2A3722890055A30A /* TabBarCell.swift */,
			);
			path = TabBarCell;
			sourceTree = "<group>";
		};
		176E54942A34843D00E70EB7 /* VIews */ = {
			isa = PBXGroup;
			children = (
				176E54972A34B38F00E70EB7 /* SearchBar */,
			);
			path = VIews;
			sourceTree = "<group>";
		};
		176E54972A34B38F00E70EB7 /* SearchBar */ = {
			isa = PBXGroup;
			children = (
				176E54952A34845500E70EB7 /* CustomizableSearchBar.swift */,
			);
			path = SearchBar;
			sourceTree = "<group>";
		};
		17A775602A3715880055A30A /* Resources */ = {
			isa = PBXGroup;
			children = (
				17A775742A3810BB0055A30A /* Fonts */,
				17A775672A3715F60055A30A /* Localizable.strings */,
			);
			path = Resources;
			sourceTree = "<group>";
		};
		17A7756D2A3722F60055A30A /* ChannelsListVC */ = {
			isa = PBXGroup;
			children = (
				17A7756E2A3723150055A30A /* ChannelsListVC.swift */,
				17A775712A380F050055A30A /* ChannelTableViewCell */,
				17A775812A381E360055A30A /* Model */,
			);
			path = ChannelsListVC;
			sourceTree = "<group>";
		};
		17A775702A380E580055A30A /* TopTabBar */ = {
			isa = PBXGroup;
			children = (
				17A775562A34CFCF0055A30A /* TabBarContainerViewController.swift */,
				176E548F2A34142000E70EB7 /* TabBarCell */,
			);
			path = TopTabBar;
			sourceTree = "<group>";
		};
		17A775712A380F050055A30A /* ChannelTableViewCell */ = {
			isa = PBXGroup;
			children = (
				17AAF93E2A387E5000D4EF53 /* ChannelTableViewCell.swift */,
				17AAF93F2A387E5000D4EF53 /* ChannelTableViewCell.xib */,
			);
			path = ChannelTableViewCell;
			sourceTree = "<group>";
		};
		17A775742A3810BB0055A30A /* Fonts */ = {
			isa = PBXGroup;
			children = (
				17A775752A38112E0055A30A /* Fonts.swift */,
				17A7757A2A38126B0055A30A /* Roboto-Black.ttf */,
				17A775772A38126B0055A30A /* Roboto-Bold.ttf */,
				17A7757B2A38126B0055A30A /* Roboto-Light.ttf */,
				17A775782A38126B0055A30A /* Roboto-Medium.ttf */,
				17A775792A38126B0055A30A /* Roboto-Regular.ttf */,
			);
			path = Fonts;
			sourceTree = "<group>";
		};
		17A775812A381E360055A30A /* Model */ = {
			isa = PBXGroup;
			children = (
				17A775822A381E4D0055A30A /* Channel.swift */,
			);
			path = Model;
			sourceTree = "<group>";
		};
/* End PBXGroup section */

/* Begin PBXNativeTarget section */
		176E54712A340B3600E70EB7 /* TVChannelsPlayer */ = {
			isa = PBXNativeTarget;
			buildConfigurationList = 176E54862A340B3700E70EB7 /* Build configuration list for PBXNativeTarget "TVChannelsPlayer" */;
			buildPhases = (
				176E546E2A340B3600E70EB7 /* Sources */,
				176E546F2A340B3600E70EB7 /* Frameworks */,
				176E54702A340B3600E70EB7 /* Resources */,
			);
			buildRules = (
			);
			dependencies = (
			);
			name = TVChannelsPlayer;
			productName = TVChannelsPlayer;
			productReference = 176E54722A340B3600E70EB7 /* TVChannelsPlayer.app */;
			productType = "com.apple.product-type.application";
		};
/* End PBXNativeTarget section */

/* Begin PBXProject section */
		176E546A2A340B3600E70EB7 /* Project object */ = {
			isa = PBXProject;
			attributes = {
				BuildIndependentTargetsInParallel = 1;
				LastSwiftUpdateCheck = 1430;
				LastUpgradeCheck = 1430;
				TargetAttributes = {
					176E54712A340B3600E70EB7 = {
						CreatedOnToolsVersion = 14.3.1;
					};
				};
			};
			buildConfigurationList = 176E546D2A340B3600E70EB7 /* Build configuration list for PBXProject "TVChannelsPlayer" */;
			compatibilityVersion = "Xcode 14.0";
			developmentRegion = en;
			hasScannedForEncodings = 0;
			knownRegions = (
				en,
				Base,
				ru,
			);
			mainGroup = 176E54692A340B3600E70EB7;
			productRefGroup = 176E54732A340B3600E70EB7 /* Products */;
			projectDirPath = "";
			projectRoot = "";
			targets = (
				176E54712A340B3600E70EB7 /* TVChannelsPlayer */,
			);
		};
/* End PBXProject section */

/* Begin PBXResourcesBuildPhase section */
		176E54702A340B3600E70EB7 /* Resources */ = {
			isa = PBXResourcesBuildPhase;
			buildActionMask = 2147483647;
			files = (
				176E54822A340B3700E70EB7 /* LaunchScreen.storyboard in Resources */,
				17A7757E2A38126B0055A30A /* Roboto-Regular.ttf in Resources */,
				17A775652A3715F60055A30A /* Localizable.strings in Resources */,
				17A7757F2A38126B0055A30A /* Roboto-Black.ttf in Resources */,
				17A7757D2A38126B0055A30A /* Roboto-Medium.ttf in Resources */,
				17AAF9412A387E5000D4EF53 /* ChannelTableViewCell.xib in Resources */,
				17A7757C2A38126B0055A30A /* Roboto-Bold.ttf in Resources */,
				176E547F2A340B3700E70EB7 /* Assets.xcassets in Resources */,
				176E547D2A340B3600E70EB7 /* Main.storyboard in Resources */,
				17A775802A38126B0055A30A /* Roboto-Light.ttf in Resources */,
			);
			runOnlyForDeploymentPostprocessing = 0;
		};
/* End PBXResourcesBuildPhase section */

/* Begin PBXSourcesBuildPhase section */
		176E546E2A340B3600E70EB7 /* Sources */ = {
			isa = PBXSourcesBuildPhase;
			buildActionMask = 2147483647;
			files = (
				17A7758A2A3827B00055A30A /* UICollectionViewCellExtension.swift in Sources */,
				17A775862A38276A0055A30A /* UITableViewCellExtension.swift in Sources */,
				176E547A2A340B3600E70EB7 /* MainScreen.swift in Sources */,
				17A7756F2A3723150055A30A /* ChannelsListVC.swift in Sources */,
				17A775762A38112E0055A30A /* Fonts.swift in Sources */,
				176E54762A340B3600E70EB7 /* AppDelegate.swift in Sources */,
				17A7756A2A3716220055A30A /* StringExtensions.swift in Sources */,
				176E54962A34845500E70EB7 /* CustomizableSearchBar.swift in Sources */,
				17A775832A381E4E0055A30A /* Channel.swift in Sources */,
				17AAF9402A387E5000D4EF53 /* ChannelTableViewCell.swift in Sources */,
				17A7755D2A3712D10055A30A /* ArrayExtension.swift in Sources */,
				17A775572A34CFCF0055A30A /* TabBarContainerViewController.swift in Sources */,
				176E54782A340B3600E70EB7 /* SceneDelegate.swift in Sources */,
				17A775592A36B46E0055A30A /* UIViewExtension.swift in Sources */,
				176E548E2A34109700E70EB7 /* Constants.swift in Sources */,
				17A7756C2A3722890055A30A /* TabBarCell.swift in Sources */,
			);
			runOnlyForDeploymentPostprocessing = 0;
		};
/* End PBXSourcesBuildPhase section */

/* Begin PBXVariantGroup section */
		176E547B2A340B3600E70EB7 /* Main.storyboard */ = {
			isa = PBXVariantGroup;
			children = (
				176E547C2A340B3600E70EB7 /* Base */,
			);
			name = Main.storyboard;
			sourceTree = "<group>";
		};
		176E54802A340B3700E70EB7 /* LaunchScreen.storyboard */ = {
			isa = PBXVariantGroup;
			children = (
				176E54812A340B3700E70EB7 /* Base */,
			);
			name = LaunchScreen.storyboard;
			sourceTree = "<group>";
		};
		17A775672A3715F60055A30A /* Localizable.strings */ = {
			isa = PBXVariantGroup;
			children = (
				17A775662A3715F60055A30A /* en */,
				17A775682A3716090055A30A /* ru */,
			);
			name = Localizable.strings;
			sourceTree = "<group>";
		};
/* End PBXVariantGroup section */

/* Begin XCBuildConfiguration section */
		176E54842A340B3700E70EB7 /* Debug */ = {
			isa = XCBuildConfiguration;
			buildSettings = {
				ALWAYS_SEARCH_USER_PATHS = NO;
				CLANG_ANALYZER_LOCALIZABILITY_NONLOCALIZED = YES;
				CLANG_ANALYZER_NONNULL = YES;
				CLANG_ANALYZER_NUMBER_OBJECT_CONVERSION = YES_AGGRESSIVE;
				CLANG_CXX_LANGUAGE_STANDARD = "gnu++20";
				CLANG_ENABLE_MODULES = YES;
				CLANG_ENABLE_OBJC_ARC = YES;
				CLANG_ENABLE_OBJC_WEAK = YES;
				CLANG_WARN_BLOCK_CAPTURE_AUTORELEASING = YES;
				CLANG_WARN_BOOL_CONVERSION = YES;
				CLANG_WARN_COMMA = YES;
				CLANG_WARN_CONSTANT_CONVERSION = YES;
				CLANG_WARN_DEPRECATED_OBJC_IMPLEMENTATIONS = YES;
				CLANG_WARN_DIRECT_OBJC_ISA_USAGE = YES_ERROR;
				CLANG_WARN_DOCUMENTATION_COMMENTS = YES;
				CLANG_WARN_EMPTY_BODY = YES;
				CLANG_WARN_ENUM_CONVERSION = YES;
				CLANG_WARN_INFINITE_RECURSION = YES;
				CLANG_WARN_INT_CONVERSION = YES;
				CLANG_WARN_NON_LITERAL_NULL_CONVERSION = YES;
				CLANG_WARN_OBJC_IMPLICIT_RETAIN_SELF = YES;
				CLANG_WARN_OBJC_LITERAL_CONVERSION = YES;
				CLANG_WARN_OBJC_ROOT_CLASS = YES_ERROR;
				CLANG_WARN_QUOTED_INCLUDE_IN_FRAMEWORK_HEADER = YES;
				CLANG_WARN_RANGE_LOOP_ANALYSIS = YES;
				CLANG_WARN_STRICT_PROTOTYPES = YES;
				CLANG_WARN_SUSPICIOUS_MOVE = YES;
				CLANG_WARN_UNGUARDED_AVAILABILITY = YES_AGGRESSIVE;
				CLANG_WARN_UNREACHABLE_CODE = YES;
				CLANG_WARN__DUPLICATE_METHOD_MATCH = YES;
				COPY_PHASE_STRIP = NO;
				DEBUG_INFORMATION_FORMAT = dwarf;
				ENABLE_STRICT_OBJC_MSGSEND = YES;
				ENABLE_TESTABILITY = YES;
				GCC_C_LANGUAGE_STANDARD = gnu11;
				GCC_DYNAMIC_NO_PIC = NO;
				GCC_NO_COMMON_BLOCKS = YES;
				GCC_OPTIMIZATION_LEVEL = 0;
				GCC_PREPROCESSOR_DEFINITIONS = (
					"DEBUG=1",
					"$(inherited)",
				);
				GCC_WARN_64_TO_32_BIT_CONVERSION = YES;
				GCC_WARN_ABOUT_RETURN_TYPE = YES_ERROR;
				GCC_WARN_UNDECLARED_SELECTOR = YES;
				GCC_WARN_UNINITIALIZED_AUTOS = YES_AGGRESSIVE;
				GCC_WARN_UNUSED_FUNCTION = YES;
				GCC_WARN_UNUSED_VARIABLE = YES;
				IPHONEOS_DEPLOYMENT_TARGET = 12.0;
				MTL_ENABLE_DEBUG_INFO = INCLUDE_SOURCE;
				MTL_FAST_MATH = YES;
				ONLY_ACTIVE_ARCH = YES;
				SDKROOT = iphoneos;
				SWIFT_ACTIVE_COMPILATION_CONDITIONS = DEBUG;
				SWIFT_OPTIMIZATION_LEVEL = "-Onone";
			};
			name = Debug;
		};
		176E54852A340B3700E70EB7 /* Release */ = {
			isa = XCBuildConfiguration;
			buildSettings = {
				ALWAYS_SEARCH_USER_PATHS = NO;
				CLANG_ANALYZER_LOCALIZABILITY_NONLOCALIZED = YES;
				CLANG_ANALYZER_NONNULL = YES;
				CLANG_ANALYZER_NUMBER_OBJECT_CONVERSION = YES_AGGRESSIVE;
				CLANG_CXX_LANGUAGE_STANDARD = "gnu++20";
				CLANG_ENABLE_MODULES = YES;
				CLANG_ENABLE_OBJC_ARC = YES;
				CLANG_ENABLE_OBJC_WEAK = YES;
				CLANG_WARN_BLOCK_CAPTURE_AUTORELEASING = YES;
				CLANG_WARN_BOOL_CONVERSION = YES;
				CLANG_WARN_COMMA = YES;
				CLANG_WARN_CONSTANT_CONVERSION = YES;
				CLANG_WARN_DEPRECATED_OBJC_IMPLEMENTATIONS = YES;
				CLANG_WARN_DIRECT_OBJC_ISA_USAGE = YES_ERROR;
				CLANG_WARN_DOCUMENTATION_COMMENTS = YES;
				CLANG_WARN_EMPTY_BODY = YES;
				CLANG_WARN_ENUM_CONVERSION = YES;
				CLANG_WARN_INFINITE_RECURSION = YES;
				CLANG_WARN_INT_CONVERSION = YES;
				CLANG_WARN_NON_LITERAL_NULL_CONVERSION = YES;
				CLANG_WARN_OBJC_IMPLICIT_RETAIN_SELF = YES;
				CLANG_WARN_OBJC_LITERAL_CONVERSION = YES;
				CLANG_WARN_OBJC_ROOT_CLASS = YES_ERROR;
				CLANG_WARN_QUOTED_INCLUDE_IN_FRAMEWORK_HEADER = YES;
				CLANG_WARN_RANGE_LOOP_ANALYSIS = YES;
				CLANG_WARN_STRICT_PROTOTYPES = YES;
				CLANG_WARN_SUSPICIOUS_MOVE = YES;
				CLANG_WARN_UNGUARDED_AVAILABILITY = YES_AGGRESSIVE;
				CLANG_WARN_UNREACHABLE_CODE = YES;
				CLANG_WARN__DUPLICATE_METHOD_MATCH = YES;
				COPY_PHASE_STRIP = NO;
				DEBUG_INFORMATION_FORMAT = "dwarf-with-dsym";
				ENABLE_NS_ASSERTIONS = NO;
				ENABLE_STRICT_OBJC_MSGSEND = YES;
				GCC_C_LANGUAGE_STANDARD = gnu11;
				GCC_NO_COMMON_BLOCKS = YES;
				GCC_WARN_64_TO_32_BIT_CONVERSION = YES;
				GCC_WARN_ABOUT_RETURN_TYPE = YES_ERROR;
				GCC_WARN_UNDECLARED_SELECTOR = YES;
				GCC_WARN_UNINITIALIZED_AUTOS = YES_AGGRESSIVE;
				GCC_WARN_UNUSED_FUNCTION = YES;
				GCC_WARN_UNUSED_VARIABLE = YES;
				IPHONEOS_DEPLOYMENT_TARGET = 12.0;
				MTL_ENABLE_DEBUG_INFO = NO;
				MTL_FAST_MATH = YES;
				SDKROOT = iphoneos;
				SWIFT_COMPILATION_MODE = wholemodule;
				SWIFT_OPTIMIZATION_LEVEL = "-O";
				VALIDATE_PRODUCT = YES;
			};
			name = Release;
		};
		176E54872A340B3700E70EB7 /* Debug */ = {
			isa = XCBuildConfiguration;
			buildSettings = {
				ASSETCATALOG_COMPILER_APPICON_NAME = AppIcon;
				ASSETCATALOG_COMPILER_GLOBAL_ACCENT_COLOR_NAME = AccentColor;
				CODE_SIGN_STYLE = Automatic;
				CURRENT_PROJECT_VERSION = 1;
				DEVELOPMENT_TEAM = XY2J735A6H;
				GENERATE_INFOPLIST_FILE = YES;
				INFOPLIST_FILE = TVChannelsPlayer/Info.plist;
				INFOPLIST_KEY_UIApplicationSupportsIndirectInputEvents = YES;
				INFOPLIST_KEY_UILaunchStoryboardName = LaunchScreen;
				INFOPLIST_KEY_UIMainStoryboardFile = Main;
				INFOPLIST_KEY_UISupportedInterfaceOrientations_iPad = "UIInterfaceOrientationPortrait UIInterfaceOrientationPortraitUpsideDown UIInterfaceOrientationLandscapeLeft UIInterfaceOrientationLandscapeRight";
				INFOPLIST_KEY_UISupportedInterfaceOrientations_iPhone = "UIInterfaceOrientationPortrait UIInterfaceOrientationLandscapeLeft UIInterfaceOrientationLandscapeRight";
				IPHONEOS_DEPLOYMENT_TARGET = 12.0;
				LD_RUNPATH_SEARCH_PATHS = (
					"$(inherited)",
					"@executable_path/Frameworks",
				);
				MARKETING_VERSION = 1.0;
				PRODUCT_BUNDLE_IDENTIFIER = com.tsaybelDev.TVChannelsPlayer;
				PRODUCT_NAME = "$(TARGET_NAME)";
				SWIFT_EMIT_LOC_STRINGS = YES;
				SWIFT_VERSION = 5.0;
				TARGETED_DEVICE_FAMILY = "1,2";
			};
			name = Debug;
		};
		176E54882A340B3700E70EB7 /* Release */ = {
			isa = XCBuildConfiguration;
			buildSettings = {
				ASSETCATALOG_COMPILER_APPICON_NAME = AppIcon;
				ASSETCATALOG_COMPILER_GLOBAL_ACCENT_COLOR_NAME = AccentColor;
				CODE_SIGN_STYLE = Automatic;
				CURRENT_PROJECT_VERSION = 1;
				DEVELOPMENT_TEAM = XY2J735A6H;
				GENERATE_INFOPLIST_FILE = YES;
				INFOPLIST_FILE = TVChannelsPlayer/Info.plist;
				INFOPLIST_KEY_UIApplicationSupportsIndirectInputEvents = YES;
				INFOPLIST_KEY_UILaunchStoryboardName = LaunchScreen;
				INFOPLIST_KEY_UIMainStoryboardFile = Main;
				INFOPLIST_KEY_UISupportedInterfaceOrientations_iPad = "UIInterfaceOrientationPortrait UIInterfaceOrientationPortraitUpsideDown UIInterfaceOrientationLandscapeLeft UIInterfaceOrientationLandscapeRight";
				INFOPLIST_KEY_UISupportedInterfaceOrientations_iPhone = "UIInterfaceOrientationPortrait UIInterfaceOrientationLandscapeLeft UIInterfaceOrientationLandscapeRight";
				IPHONEOS_DEPLOYMENT_TARGET = 12.0;
				LD_RUNPATH_SEARCH_PATHS = (
					"$(inherited)",
					"@executable_path/Frameworks",
				);
				MARKETING_VERSION = 1.0;
				PRODUCT_BUNDLE_IDENTIFIER = com.tsaybelDev.TVChannelsPlayer;
				PRODUCT_NAME = "$(TARGET_NAME)";
				SWIFT_EMIT_LOC_STRINGS = YES;
				SWIFT_VERSION = 5.0;
				TARGETED_DEVICE_FAMILY = "1,2";
			};
			name = Release;
		};
/* End XCBuildConfiguration section */

/* Begin XCConfigurationList section */
		176E546D2A340B3600E70EB7 /* Build configuration list for PBXProject "TVChannelsPlayer" */ = {
			isa = XCConfigurationList;
			buildConfigurations = (
				176E54842A340B3700E70EB7 /* Debug */,
				176E54852A340B3700E70EB7 /* Release */,
			);
			defaultConfigurationIsVisible = 0;
			defaultConfigurationName = Release;
		};
		176E54862A340B3700E70EB7 /* Build configuration list for PBXNativeTarget "TVChannelsPlayer" */ = {
			isa = XCConfigurationList;
			buildConfigurations = (
				176E54872A340B3700E70EB7 /* Debug */,
				176E54882A340B3700E70EB7 /* Release */,
			);
			defaultConfigurationIsVisible = 0;
			defaultConfigurationName = Release;
		};
/* End XCConfigurationList section */
	};
	rootObject = 176E546A2A340B3600E70EB7 /* Project object */;
}
